
Microsoft Visual Studio Solution File, Format Version 12.00
# Visual Studio Version 17
VisualStudioVersion = 17.12.35707.178 d17.12
MinimumVisualStudioVersion = 10.0.40219.1
Project("{FAE04EC0-301F-11D3-BF4B-00C04F79EFBC}") = "Selu383.SP25.P03.Api", "Selu383.SP25.P03.Api\Selu383.SP25.P03.Api.csproj", "{F16A8F21-6D42-4CFC-85B6-092EC4A18B8E}"
EndProject
Project("{FAE04EC0-301F-11D3-BF4B-00C04F79EFBC}") = "Selu383.SP25.P03.Test", "Selu383.SP25.P03.Test\Selu383.SP25.P03.Test.csproj", "{6EF0753A-F80F-4308-A824-8254F1E90CD8}"
EndProject
Project("{54A90642-561A-4BB1-A94E-469ADEE60C69}") = "Selu383.SP25.P03.Web", "Selu383.SP25.P03.Web\Selu383.SP25.P03.Web.esproj", "{B460979C-6A5C-4800-8EDB-B0FD86C72C3D}"
EndProject
Global
	GlobalSection(SolutionConfigurationPlatforms) = preSolution
		Debug|Any CPU = Debug|Any CPU
		Release|Any CPU = Release|Any CPU
	EndGlobalSection
	GlobalSection(ProjectConfigurationPlatforms) = postSolution
		{F16A8F21-6D42-4CFC-85B6-092EC4A18B8E}.Debug|Any CPU.ActiveCfg = Debug|Any CPU
		{F16A8F21-6D42-4CFC-85B6-092EC4A18B8E}.Debug|Any CPU.Build.0 = Debug|Any CPU
		{F16A8F21-6D42-4CFC-85B6-092EC4A18B8E}.Release|Any CPU.ActiveCfg = Release|Any CPU
		{F16A8F21-6D42-4CFC-85B6-092EC4A18B8E}.Release|Any CPU.Build.0 = Release|Any CPU
		{6EF0753A-F80F-4308-A824-8254F1E90CD8}.Debug|Any CPU.ActiveCfg = Debug|Any CPU
		{6EF0753A-F80F-4308-A824-8254F1E90CD8}.Debug|Any CPU.Build.0 = Debug|Any CPU
		{6EF0753A-F80F-4308-A824-8254F1E90CD8}.Release|Any CPU.ActiveCfg = Release|Any CPU
		{6EF0753A-F80F-4308-A824-8254F1E90CD8}.Release|Any CPU.Build.0 = Release|Any CPU
		{B460979C-6A5C-4800-8EDB-B0FD86C72C3D}.Debug|Any CPU.ActiveCfg = Debug|Any CPU
		{B460979C-6A5C-4800-8EDB-B0FD86C72C3D}.Debug|Any CPU.Build.0 = Debug|Any CPU
		{B460979C-6A5C-4800-8EDB-B0FD86C72C3D}.Debug|Any CPU.Deploy.0 = Debug|Any CPU
		{B460979C-6A5C-4800-8EDB-B0FD86C72C3D}.Release|Any CPU.ActiveCfg = Release|Any CPU
		{B460979C-6A5C-4800-8EDB-B0FD86C72C3D}.Release|Any CPU.Build.0 = Release|Any CPU
		{B460979C-6A5C-4800-8EDB-B0FD86C72C3D}.Release|Any CPU.Deploy.0 = Release|Any CPU
	EndGlobalSection
	GlobalSection(SolutionProperties) = preSolution
		HideSolutionNode = FALSE
	EndGlobalSection
EndGlobal
